// !$*UTF8*$!
{
	archiveVersion = 1;
	classes = {
	};
	objectVersion = 48;
	objects = {

/* Begin PBXBuildFile section */
		F2002D4720123B1800DF83BC /* AppDelegate.swift in Sources */ = {isa = PBXBuildFile; fileRef = F2002D4620123B1800DF83BC /* AppDelegate.swift */; };
		F2002D4C20123B1800DF83BC /* Main.storyboard in Resources */ = {isa = PBXBuildFile; fileRef = F2002D4A20123B1800DF83BC /* Main.storyboard */; };
		F2002D4E20123B1800DF83BC /* Assets.xcassets in Resources */ = {isa = PBXBuildFile; fileRef = F2002D4D20123B1800DF83BC /* Assets.xcassets */; };
		F2002D5120123B1800DF83BC /* LaunchScreen.storyboard in Resources */ = {isa = PBXBuildFile; fileRef = F2002D4F20123B1800DF83BC /* LaunchScreen.storyboard */; };
		F2002D5D20123B9D00DF83BC /* Player.swift in Sources */ = {isa = PBXBuildFile; fileRef = F2002D5C20123B9D00DF83BC /* Player.swift */; };
		F260C3AA20162D460082F178 /* GameVC.swift in Sources */ = {isa = PBXBuildFile; fileRef = F260C3A920162D460082F178 /* GameVC.swift */; };
		F260C3AC201637370082F178 /* Move.swift in Sources */ = {isa = PBXBuildFile; fileRef = F260C3AB201637370082F178 /* Move.swift */; };
		F260C3AE201637E00082F178 /* Scoreboard.swift in Sources */ = {isa = PBXBuildFile; fileRef = F260C3AD201637E00082F178 /* Scoreboard.swift */; };
		F260C3B2201644240082F178 /* BoardPoint.swift in Sources */ = {isa = PBXBuildFile; fileRef = F260C3B1201644240082F178 /* BoardPoint.swift */; };
/* End PBXBuildFile section */

/* Begin PBXFileReference section */
		F2002D4320123B1800DF83BC /* Prisoner Dilemma.app */ = {isa = PBXFileReference; explicitFileType = wrapper.application; includeInIndex = 0; path = "Prisoner Dilemma.app"; sourceTree = BUILT_PRODUCTS_DIR; };
		F2002D4620123B1800DF83BC /* AppDelegate.swift */ = {isa = PBXFileReference; lastKnownFileType = sourcecode.swift; path = AppDelegate.swift; sourceTree = "<group>"; };
		F2002D4B20123B1800DF83BC /* Base */ = {isa = PBXFileReference; lastKnownFileType = file.storyboard; name = Base; path = Base.lproj/Main.storyboard; sourceTree = "<group>"; };
		F2002D4D20123B1800DF83BC /* Assets.xcassets */ = {isa = PBXFileReference; lastKnownFileType = folder.assetcatalog; path = Assets.xcassets; sourceTree = "<group>"; };
		F2002D5020123B1800DF83BC /* Base */ = {isa = PBXFileReference; lastKnownFileType = file.storyboard; name = Base; path = Base.lproj/LaunchScreen.storyboard; sourceTree = "<group>"; };
		F2002D5220123B1800DF83BC /* Info.plist */ = {isa = PBXFileReference; lastKnownFileType = text.plist.xml; path = Info.plist; sourceTree = "<group>"; };
		F2002D5C20123B9D00DF83BC /* Player.swift */ = {isa = PBXFileReference; fileEncoding = 4; lastKnownFileType = sourcecode.swift; path = Player.swift; sourceTree = "<group>"; };
		F260C3A920162D460082F178 /* GameVC.swift */ = {isa = PBXFileReference; lastKnownFileType = sourcecode.swift; path = GameVC.swift; sourceTree = "<group>"; };
		F260C3AB201637370082F178 /* Move.swift */ = {isa = PBXFileReference; lastKnownFileType = sourcecode.swift; path = Move.swift; sourceTree = "<group>"; };
		F260C3AD201637E00082F178 /* Scoreboard.swift */ = {isa = PBXFileReference; lastKnownFileType = sourcecode.swift; path = Scoreboard.swift; sourceTree = "<group>"; };
		F260C3B1201644240082F178 /* BoardPoint.swift */ = {isa = PBXFileReference; lastKnownFileType = sourcecode.swift; path = BoardPoint.swift; sourceTree = "<group>"; };
/* End PBXFileReference section */

/* Begin PBXFrameworksBuildPhase section */
		F2002D4020123B1800DF83BC /* Frameworks */ = {
			isa = PBXFrameworksBuildPhase;
			buildActionMask = 2147483647;
			files = (
			);
			runOnlyForDeploymentPostprocessing = 0;
		};
/* End PBXFrameworksBuildPhase section */

/* Begin PBXGroup section */
		F2002D3A20123B1800DF83BC = {
			isa = PBXGroup;
			children = (
				F2002D4520123B1800DF83BC /* Prisoner Dilemma */,
				F2002D4420123B1800DF83BC /* Products */,
			);
			sourceTree = "<group>";
		};
		F2002D4420123B1800DF83BC /* Products */ = {
			isa = PBXGroup;
			children = (
				F2002D4320123B1800DF83BC /* Prisoner Dilemma.app */,
			);
			name = Products;
			sourceTree = "<group>";
		};
		F2002D4520123B1800DF83BC /* Prisoner Dilemma */ = {
			isa = PBXGroup;
			children = (
				F2002D5B20123B9100DF83BC /* View */,
				F2002D5A20123B8200DF83BC /* Controller */,
				F2002D5920123B7300DF83BC /* Model */,
				F2002D4620123B1800DF83BC /* AppDelegate.swift */,
				F2002D4A20123B1800DF83BC /* Main.storyboard */,
				F2002D4D20123B1800DF83BC /* Assets.xcassets */,
				F2002D4F20123B1800DF83BC /* LaunchScreen.storyboard */,
				F2002D5220123B1800DF83BC /* Info.plist */,
			);
			path = "Prisoner Dilemma";
			sourceTree = "<group>";
		};
		F2002D5920123B7300DF83BC /* Model */ = {
			isa = PBXGroup;
			children = (
				F2002D5C20123B9D00DF83BC /* Player.swift */,
				F260C3AB201637370082F178 /* Move.swift */,
				F260C3AD201637E00082F178 /* Scoreboard.swift */,
				F260C3B1201644240082F178 /* BoardPoint.swift */,
			);
			path = Model;
			sourceTree = "<group>";
		};
		F2002D5A20123B8200DF83BC /* Controller */ = {
			isa = PBXGroup;
			children = (
				F260C3A920162D460082F178 /* GameVC.swift */,
			);
			path = Controller;
			sourceTree = "<group>";
		};
		F2002D5B20123B9100DF83BC /* View */ = {
			isa = PBXGroup;
			children = (
			);
			path = View;
			sourceTree = "<group>";
		};
/* End PBXGroup section */

/* Begin PBXNativeTarget section */
		F2002D4220123B1800DF83BC /* Prisoner Dilemma */ = {
			isa = PBXNativeTarget;
			buildConfigurationList = F2002D5520123B1800DF83BC /* Build configuration list for PBXNativeTarget "Prisoner Dilemma" */;
			buildPhases = (
				F2002D3F20123B1800DF83BC /* Sources */,
				F2002D4020123B1800DF83BC /* Frameworks */,
				F2002D4120123B1800DF83BC /* Resources */,
			);
			buildRules = (
			);
			dependencies = (
			);
			name = "Prisoner Dilemma";
			productName = "Prisoner Dilemma";
			productReference = F2002D4320123B1800DF83BC /* Prisoner Dilemma.app */;
			productType = "com.apple.product-type.application";
		};
/* End PBXNativeTarget section */

/* Begin PBXProject section */
		F2002D3B20123B1800DF83BC /* Project object */ = {
			isa = PBXProject;
			attributes = {
				LastSwiftUpdateCheck = 0920;
				LastUpgradeCheck = 0920;
				ORGANIZATIONNAME = "Syed ShahRukh Haider";
				TargetAttributes = {
					F2002D4220123B1800DF83BC = {
						CreatedOnToolsVersion = 9.2;
						ProvisioningStyle = Automatic;
					};
				};
			};
			buildConfigurationList = F2002D3E20123B1800DF83BC /* Build configuration list for PBXProject "Prisoner Dilemma" */;
			compatibilityVersion = "Xcode 8.0";
			developmentRegion = en;
			hasScannedForEncodings = 0;
			knownRegions = (
				en,
				Base,
			);
			mainGroup = F2002D3A20123B1800DF83BC;
			productRefGroup = F2002D4420123B1800DF83BC /* Products */;
			projectDirPath = "";
			projectRoot = "";
			targets = (
				F2002D4220123B1800DF83BC /* Prisoner Dilemma */,
			);
		};
/* End PBXProject section */

/* Begin PBXResourcesBuildPhase section */
		F2002D4120123B1800DF83BC /* Resources */ = {
			isa = PBXResourcesBuildPhase;
			buildActionMask = 2147483647;
			files = (
				F2002D5120123B1800DF83BC /* LaunchScreen.storyboard in Resources */,
				F2002D4E20123B1800DF83BC /* Assets.xcassets in Resources */,
				F2002D4C20123B1800DF83BC /* Main.storyboard in Resources */,
			);
			runOnlyForDeploymentPostprocessing = 0;
		};
/* End PBXResourcesBuildPhase section */

/* Begin PBXSourcesBuildPhase section */
		F2002D3F20123B1800DF83BC /* Sources */ = {
			isa = PBXSourcesBuildPhase;
			buildActionMask = 2147483647;
			files = (
				F260C3AC201637370082F178 /* Move.swift in Sources */,
				F260C3B2201644240082F178 /* BoardPoint.swift in Sources */,
				F2002D5D20123B9D00DF83BC /* Player.swift in Sources */,
				F260C3AA20162D460082F178 /* GameVC.swift in Sources */,
				F260C3AE201637E00082F178 /* Scoreboard.swift in Sources */,
				F2002D4720123B1800DF83BC /* AppDelegate.swift in Sources */,
			);
			runOnlyForDeploymentPostprocessing = 0;
		};
/* End PBXSourcesBuildPhase section */

/* Begin PBXVariantGroup section */
		F2002D4A20123B1800DF83BC /* Main.storyboard */ = {
			isa = PBXVariantGroup;
			children = (
				F2002D4B20123B1800DF83BC /* Base */,
			);
			name = Main.storyboard;
			sourceTree = "<group>";
		};
		F2002D4F20123B1800DF83BC /* LaunchScreen.storyboard */ = {
			isa = PBXVariantGroup;
			children = (
				F2002D5020123B1800DF83BC /* Base */,
			);
			name = LaunchScreen.storyboard;
			sourceTree = "<group>";
		};
/* End PBXVariantGroup section */

/* Begin XCBuildConfiguration section */
		F2002D5320123B1800DF83BC /* Debug */ = {
			isa = XCBuildConfiguration;
			buildSettings = {
				ALWAYS_SEARCH_USER_PATHS = NO;
				CLANG_ANALYZER_NONNULL = YES;
				CLANG_ANALYZER_NUMBER_OBJECT_CONVERSION = YES_AGGRESSIVE;
				CLANG_CXX_LANGUAGE_STANDARD = "gnu++14";
				CLANG_CXX_LIBRARY = "libc++";
				CLANG_ENABLE_MODULES = YES;
				CLANG_ENABLE_OBJC_ARC = YES;
				CLANG_WARN_BLOCK_CAPTURE_AUTORELEASING = YES;
				CLANG_WARN_BOOL_CONVERSION = YES;
				CLANG_WARN_COMMA = YES;
				CLANG_WARN_CONSTANT_CONVERSION = YES;
				CLANG_WARN_DIRECT_OBJC_ISA_USAGE = YES_ERROR;
				CLANG_WARN_DOCUMENTATION_COMMENTS = YES;
				CLANG_WARN_EMPTY_BODY = YES;
				CLANG_WARN_ENUM_CONVERSION = YES;
				CLANG_WARN_INFINITE_RECURSION = YES;
				CLANG_WARN_INT_CONVERSION = YES;
				CLANG_WARN_NON_LITERAL_NULL_CONVERSION = YES;
				CLANG_WARN_OBJC_LITERAL_CONVERSION = YES;
				CLANG_WARN_OBJC_ROOT_CLASS = YES_ERROR;
				CLANG_WARN_RANGE_LOOP_ANALYSIS = YES;
				CLANG_WARN_STRICT_PROTOTYPES = YES;
				CLANG_WARN_SUSPICIOUS_MOVE = YES;
				CLANG_WARN_UNGUARDED_AVAILABILITY = YES_AGGRESSIVE;
				CLANG_WARN_UNREACHABLE_CODE = YES;
				CLANG_WARN__DUPLICATE_METHOD_MATCH = YES;
				CODE_SIGN_IDENTITY = "iPhone Developer";
				COPY_PHASE_STRIP = NO;
				DEBUG_INFORMATION_FORMAT = dwarf;
				ENABLE_STRICT_OBJC_MSGSEND = YES;
				ENABLE_TESTABILITY = YES;
				GCC_C_LANGUAGE_STANDARD = gnu11;
				GCC_DYNAMIC_NO_PIC = NO;
				GCC_NO_COMMON_BLOCKS = YES;
				GCC_OPTIMIZATION_LEVEL = 0;
				GCC_PREPROCESSOR_DEFINITIONS = (
					"DEBUG=1",
					"$(inherited)",
				);
				GCC_WARN_64_TO_32_BIT_CONVERSION = YES;
				GCC_WARN_ABOUT_RETURN_TYPE = YES_ERROR;
				GCC_WARN_UNDECLARED_SELECTOR = YES;
				GCC_WARN_UNINITIALIZED_AUTOS = YES_AGGRESSIVE;
				GCC_WARN_UNUSED_FUNCTION = YES;
				GCC_WARN_UNUSED_VARIABLE = YES;
				IPHONEOS_DEPLOYMENT_TARGET = 11.2;
				MTL_ENABLE_DEBUG_INFO = YES;
				ONLY_ACTIVE_ARCH = YES;
				SDKROOT = iphoneos;
				SWIFT_ACTIVE_COMPILATION_CONDITIONS = DEBUG;
				SWIFT_OPTIMIZATION_LEVEL = "-Onone";
			};
			name = Debug;
		};
		F2002D5420123B1800DF83BC /* Release */ = {
			isa = XCBuildConfiguration;
			buildSettings = {
				ALWAYS_SEARCH_USER_PATHS = NO;
				CLANG_ANALYZER_NONNULL = YES;
				CLANG_ANALYZER_NUMBER_OBJECT_CONVERSION = YES_AGGRESSIVE;
				CLANG_CXX_LANGUAGE_STANDARD = "gnu++14";
				CLANG_CXX_LIBRARY = "libc++";
				CLANG_ENABLE_MODULES = YES;
				CLANG_ENABLE_OBJC_ARC = YES;
				CLANG_WARN_BLOCK_CAPTURE_AUTORELEASING = YES;
				CLANG_WARN_BOOL_CONVERSION = YES;
				CLANG_WARN_COMMA = YES;
				CLANG_WARN_CONSTANT_CONVERSION = YES;
				CLANG_WARN_DIRECT_OBJC_ISA_USAGE = YES_ERROR;
				CLANG_WARN_DOCUMENTATION_COMMENTS = YES;
				CLANG_WARN_EMPTY_BODY = YES;
				CLANG_WARN_ENUM_CONVERSION = YES;
				CLANG_WARN_INFINITE_RECURSION = YES;
				CLANG_WARN_INT_CONVERSION = YES;
				CLANG_WARN_NON_LITERAL_NULL_CONVERSION = YES;
				CLANG_WARN_OBJC_LITERAL_CONVERSION = YES;
				CLANG_WARN_OBJC_ROOT_CLASS = YES_ERROR;
				CLANG_WARN_RANGE_LOOP_ANALYSIS = YES;
				CLANG_WARN_STRICT_PROTOTYPES = YES;
				CLANG_WARN_SUSPICIOUS_MOVE = YES;
				CLANG_WARN_UNGUARDED_AVAILABILITY = YES_AGGRESSIVE;
				CLANG_WARN_UNREACHABLE_CODE = YES;
				CLANG_WARN__DUPLICATE_METHOD_MATCH = YES;
				CODE_SIGN_IDENTITY = "iPhone Developer";
				COPY_PHASE_STRIP = NO;
				DEBUG_INFORMATION_FORMAT = "dwarf-with-dsym";
				ENABLE_NS_ASSERTIONS = NO;
				ENABLE_STRICT_OBJC_MSGSEND = YES;
				GCC_C_LANGUAGE_STANDARD = gnu11;
				GCC_NO_COMMON_BLOCKS = YES;
				GCC_WARN_64_TO_32_BIT_CONVERSION = YES;
				GCC_WARN_ABOUT_RETURN_TYPE = YES_ERROR;
				GCC_WARN_UNDECLARED_SELECTOR = YES;
				GCC_WARN_UNINITIALIZED_AUTOS = YES_AGGRESSIVE;
				GCC_WARN_UNUSED_FUNCTION = YES;
				GCC_WARN_UNUSED_VARIABLE = YES;
				IPHONEOS_DEPLOYMENT_TARGET = 11.2;
				MTL_ENABLE_DEBUG_INFO = NO;
				SDKROOT = iphoneos;
				SWIFT_OPTIMIZATION_LEVEL = "-Owholemodule";
				VALIDATE_PRODUCT = YES;
			};
			name = Release;
		};
		F2002D5620123B1800DF83BC /* Debug */ = {
			isa = XCBuildConfiguration;
			buildSettings = {
				ASSETCATALOG_COMPILER_APPICON_NAME = AppIcon;
				CODE_SIGN_STYLE = Automatic;
				DEVELOPMENT_TEAM = SUBZ24DP5B;
				INFOPLIST_FILE = "Prisoner Dilemma/Info.plist";
				LD_RUNPATH_SEARCH_PATHS = "$(inherited) @executable_path/Frameworks";
				PRODUCT_BUNDLE_IDENTIFIER = "com.perception.Prisoner-Dilemma";
				PRODUCT_NAME = "$(TARGET_NAME)";
				SWIFT_VERSION = 4.0;
				TARGETED_DEVICE_FAMILY = "1,2";
			};
			name = Debug;
		};
		F2002D5720123B1800DF83BC /* Release */ = {
			isa = XCBuildConfiguration;
			buildSettings = {
				ASSETCATALOG_COMPILER_APPICON_NAME = AppIcon;
				CODE_SIGN_STYLE = Automatic;
				DEVELOPMENT_TEAM = SUBZ24DP5B;
				INFOPLIST_FILE = "Prisoner Dilemma/Info.plist";
				LD_RUNPATH_SEARCH_PATHS = "$(inherited) @executable_path/Frameworks";
				PRODUCT_BUNDLE_IDENTIFIER = "com.perception.Prisoner-Dilemma";
				PRODUCT_NAME = "$(TARGET_NAME)";
				SWIFT_VERSION = 4.0;
				TARGETED_DEVICE_FAMILY = "1,2";
			};
			name = Release;
		};
/* End XCBuildConfiguration section */

/* Begin XCConfigurationList section */
		F2002D3E20123B1800DF83BC /* Build configuration list for PBXProject "Prisoner Dilemma" */ = {
			isa = XCConfigurationList;
			buildConfigurations = (
				F2002D5320123B1800DF83BC /* Debug */,
				F2002D5420123B1800DF83BC /* Release */,
			);
			defaultConfigurationIsVisible = 0;
			defaultConfigurationName = Release;
		};
		F2002D5520123B1800DF83BC /* Build configuration list for PBXNativeTarget "Prisoner Dilemma" */ = {
			isa = XCConfigurationList;
			buildConfigurations = (
				F2002D5620123B1800DF83BC /* Debug */,
				F2002D5720123B1800DF83BC /* Release */,
			);
			defaultConfigurationIsVisible = 0;
			defaultConfigurationName = Release;
		};
/* End XCConfigurationList section */
	};
	rootObject = F2002D3B20123B1800DF83BC /* Project object */;
}
